
Microsoft Visual Studio Solution File, Format Version 12.00
# Visual Studio Version 16
VisualStudioVersion = 16.0.31410.357
MinimumVisualStudioVersion = 10.0.40219.1
Project("{FAE04EC0-301F-11D3-BF4B-00C04F79EFBC}") = "InAndOut", "InAndOut\InAndOut.csproj", "{2B43D002-00C4-45D8-96DA-B9753850AD01}"
EndProject
Global
	GlobalSection(SolutionConfigurationPlatforms) = preSolution
		Debug|Any CPU = Debug|Any CPU
		Release|Any CPU = Release|Any CPU
	EndGlobalSection
	GlobalSection(ProjectConfigurationPlatforms) = postSolution
		{2B43D002-00C4-45D8-96DA-B9753850AD01}.Debug|Any CPU.ActiveCfg = Debug|Any CPU
		{2B43D002-00C4-45D8-96DA-B9753850AD01}.Debug|Any CPU.Build.0 = Debug|Any CPU
		{2B43D002-00C4-45D8-96DA-B9753850AD01}.Release|Any CPU.ActiveCfg = Release|Any CPU
		{2B43D002-00C4-45D8-96DA-B9753850AD01}.Release|Any CPU.Build.0 = Release|Any CPU
	EndGlobalSection
	GlobalSection(SolutionProperties) = preSolution
		HideSolutionNode = FALSE
	EndGlobalSection
	GlobalSection(ExtensibilityGlobals) = postSolution
		SolutionGuid = {5C9164C8-DA76-4081-87F0-73DA5941BF22}
	EndGlobalSection
EndGlobal
